
Microsoft Visual Studio Solution File, Format Version 12.00
# Visual Studio Version 17
VisualStudioVersion = 17.8.34408.163
MinimumVisualStudioVersion = 10.0.40219.1
Project("{FAE04EC0-301F-11D3-BF4B-00C04F79EFBC}") = "Jiang_1", "Jiang_1\Jiang_1.csproj", "{B7B7E74F-B631-4F52-8CB7-E5C76E4DB671}"
EndProject
Global
	GlobalSection(SolutionConfigurationPlatforms) = preSolution
		Debug|Any CPU = Debug|Any CPU
		Release|Any CPU = Release|Any CPU
	EndGlobalSection
	GlobalSection(ProjectConfigurationPlatforms) = postSolution
		{B7B7E74F-B631-4F52-8CB7-E5C76E4DB671}.Debug|Any CPU.ActiveCfg = Debug|Any CPU
		{B7B7E74F-B631-4F52-8CB7-E5C76E4DB671}.Debug|Any CPU.Build.0 = Debug|Any CPU
		{B7B7E74F-B631-4F52-8CB7-E5C76E4DB671}.Release|Any CPU.ActiveCfg = Release|Any CPU
		{B7B7E74F-B631-4F52-8CB7-E5C76E4DB671}.Release|Any CPU.Build.0 = Release|Any CPU
	EndGlobalSection
	GlobalSection(SolutionProperties) = preSolution
		HideSolutionNode = FALSE
	EndGlobalSection
	GlobalSection(ExtensibilityGlobals) = postSolution
		SolutionGuid = {46455716-4664-4F64-BB58-1EA57E1EFBB4}
	EndGlobalSection
EndGlobal
